# This file is automatically @generated by Cargo.
# It is not intended for manual editing.
version = 4

[[package]]
name = "array_tool"
version = "0.4.1"
source = "registry+https://github.com/rust-lang/crates.io-index"
checksum = "1a07ccb27c611e5cda99e498e99ba71b3ecdb7db5df02096cef42a3df5b84542"

[[package]]
name = "base_custom"
version = "0.1.13"
source = "registry+https://github.com/rust-lang/crates.io-index"
checksum = "53000ba42e917ca6bc57380754a5f6b4748e37dae0560e3234d400ee07330ab8"

[[package]]
name = "digits"
version = "1.1.1"
source = "registry+https://github.com/rust-lang/crates.io-index"
checksum = "6bf35850ce18a04fdf7b412c3e1380c358f99d149c4f0216babfab8a71656f68"
dependencies = [
 "array_tool",
 "base_custom",
]

[[package]]
name = "lazy_static"
version = "1.5.0"
source = "registry+https://github.com/rust-lang/crates.io-index"
checksum = "bbd2bcb4c963f2ddae06a2efc7e9f3591312473c50c6685e1f298068316e66fe"

[[package]]
name = "numeric_core"
version = "0.1.0"
dependencies = [
 "digits",
 "lazy_static",
]
